lockfileVersion: 5.4

specifiers:
  xss: ^1.0.14

dependencies:
  xss: 1.0.14

packages:

  /commander/2.20.3:
    resolution: {integrity: sha512-GpVkmM8vF2vQUkj2LvZmD35JxeJOLCwJ9cUkugyk2nuhbv3+mJvpLYYt+0+USMxE+oj+ey/lJEnhZw75x/OMcQ==}
    dev: false

  /cssfilter/0.0.10:
    resolution: {integrity: sha512-FAaLDaplstoRsDR8XGYH51znUN0UY7nMc6Z9/fvE8EXGwvJE9hu7W2vHwx1+bd6gCYnln9nLbzxFTrcO9YQDZw==}
    dev: false

  /xss/1.0.14:
    resolution: {integrity: sha512-og7TEJhXvn1a7kzZGQ7ETjdQVS2UfZyTlsEdDOqvQF7GoxNfY+0YLCzBy1kPdsDDx4QuNAonQPddpsn6Xl/7sw==}
    engines: {node: '>= 0.10.0'}
    hasBin: true
    dependencies:
      commander: 2.20.3
      cssfilter: 0.0.10
    dev: false
